
Microsoft Visual Studio Solution File, Format Version 12.00
# Visual Studio 15
VisualStudioVersion = 15.0.28307.2092
MinimumVisualStudioVersion = 10.0.40219.1
Project("{8BC9CEB8-8B4A-11D0-8D11-00A0C91BC942}") = "samp8_4GraphicsCooridate", "samp8_4GraphicsCooridate\samp8_4GraphicsCooridate.vcxproj", "{B12702AD-ABFB-343A-A199-8E24837244A3}"
EndProject
Project("{8BC9CEB8-8B4A-11D0-8D11-00A0C91BC942}") = "samp8_5GraphicsDraw", "samp8_5GraphicsDraw\samp8_5GraphicsDraw.vcxproj", "{E0D8AD61-4F85-4670-83B5-A9DF4289A3A6}"
EndProject
Global
	GlobalSection(SolutionConfigurationPlatforms) = preSolution
		Debug|x64 = Debug|x64
		Release|x64 = Release|x64
	EndGlobalSection
	GlobalSection(ProjectConfigurationPlatforms) = postSolution
		{B12702AD-ABFB-343A-A199-8E24837244A3}.Debug|x64.ActiveCfg = Debug|x64
		{B12702AD-ABFB-343A-A199-8E24837244A3}.Debug|x64.Build.0 = Debug|x64
		{B12702AD-ABFB-343A-A199-8E24837244A3}.Release|x64.ActiveCfg = Release|x64
		{B12702AD-ABFB-343A-A199-8E24837244A3}.Release|x64.Build.0 = Release|x64
		{E0D8AD61-4F85-4670-83B5-A9DF4289A3A6}.Debug|x64.ActiveCfg = Debug|x64
		{E0D8AD61-4F85-4670-83B5-A9DF4289A3A6}.Debug|x64.Build.0 = Debug|x64
		{E0D8AD61-4F85-4670-83B5-A9DF4289A3A6}.Release|x64.ActiveCfg = Release|x64
		{E0D8AD61-4F85-4670-83B5-A9DF4289A3A6}.Release|x64.Build.0 = Release|x64
	EndGlobalSection
	GlobalSection(SolutionProperties) = preSolution
		HideSolutionNode = FALSE
	EndGlobalSection
	GlobalSection(ExtensibilityGlobals) = postSolution
		SolutionGuid = {38031F4C-6411-4493-A2B1-409BBE1EBD5D}
	EndGlobalSection
EndGlobal
